# This file is automatically @generated by Cargo.
# It is not intended for manual editing.
version = 4

[[package]]
name = "anyhow"
version = "1.0.100"
source = "registry+https://github.com/rust-lang/crates.io-index"
checksum = "a23eb6b1614318a8071c9b2521f36b424b2c83db5eb3a0fead4a6c0809af6e61"

[[package]]
name = "argh"
version = "0.1.13"
source = "registry+https://github.com/rust-lang/crates.io-index"
checksum = "34ff18325c8a36b82f992e533ece1ec9f9a9db446bd1c14d4f936bac88fcd240"
dependencies = [
 "argh_derive",
 "argh_shared",
 "rust-fuzzy-search",
]

[[package]]
name = "argh_derive"
version = "0.1.13"
source = "registry+https://github.com/rust-lang/crates.io-index"
checksum = "adb7b2b83a50d329d5d8ccc620f5c7064028828538bdf5646acd60dc1f767803"
dependencies = [
 "argh_shared",
 "proc-macro2",
 "quote",
 "syn",
]

[[package]]
name = "argh_shared"
version = "0.1.13"
source = "registry+https://github.com/rust-lang/crates.io-index"
checksum = "a464143cc82dedcdc3928737445362466b7674b5db4e2eb8e869846d6d84f4f6"
dependencies = [
 "serde",
]

[[package]]
name = "autocfg"
version = "1.5.0"
source = "registry+https://github.com/rust-lang/crates.io-index"
checksum = "c08606f8c3cbf4ce6ec8e28fb0014a2c086708fe954eaa885384a6165172e7e8"

[[package]]
name = "bitflags"
version = "2.10.0"
source = "registry+https://github.com/rust-lang/crates.io-index"
checksum = "812e12b5285cc515a9c72a5c1d3b6d46a19dac5acfef5265968c166106e31dd3"

[[package]]
name = "bstr"
version = "1.12.0"
source = "registry+https://github.com/rust-lang/crates.io-index"
checksum = "234113d19d0d7d613b40e86fb654acf958910802bcceab913a4f9e7cda03b1a4"
dependencies = [
 "memchr",
 "serde",
]

[[package]]
name = "cc"
version = "1.2.42"
source = "registry+https://github.com/rust-lang/crates.io-index"
checksum = "81bbf3b3619004ad9bd139f62a9ab5cfe467f307455a0d307b0cf58bf070feaa"
dependencies = [
 "find-msvc-tools",
 "shlex",
]

[[package]]
name = "cfg-if"
version = "1.0.4"
source = "registry+https://github.com/rust-lang/crates.io-index"
checksum = "9330f8b2ff13f34540b44e946ef35111825727b38d33286ef986142615121801"

[[package]]
name = "cmake"
version = "0.1.54"
source = "registry+https://github.com/rust-lang/crates.io-index"
checksum = "e7caa3f9de89ddbe2c607f4101924c5abec803763ae9534e4f4d7d8f84aa81f0"
dependencies = [
 "cc",
]

[[package]]
name = "either"
version = "1.15.0"
source = "registry+https://github.com/rust-lang/crates.io-index"
checksum = "48c757948c5ede0e46177b7add2e67155f70e33c07fea8284df6576da70b3719"

[[package]]
name = "env_filter"
version = "0.1.4"
source = "registry+https://github.com/rust-lang/crates.io-index"
checksum = "1bf3c259d255ca70051b30e2e95b5446cdb8949ac4cd22c0d7fd634d89f568e2"
dependencies = [
 "log",
]

[[package]]
name = "env_home"
version = "0.1.0"
source = "registry+https://github.com/rust-lang/crates.io-index"
checksum = "c7f84e12ccf0a7ddc17a6c41c93326024c42920d7ee630d04950e6926645c0fe"

[[package]]
name = "env_logger"
version = "0.11.8"
source = "registry+https://github.com/rust-lang/crates.io-index"
checksum = "13c863f0904021b108aa8b2f55046443e6b1ebde8fd4a15c399893aae4fa069f"
dependencies = [
 "env_filter",
 "log",
]

[[package]]
name = "equivalent"
version = "1.0.2"
source = "registry+https://github.com/rust-lang/crates.io-index"
checksum = "877a4ace8713b0bcf2a4e7eec82529c029f1d0619886d18145fea96c3ffe5c0f"

[[package]]
name = "erased-serde"
version = "0.4.8"
source = "registry+https://github.com/rust-lang/crates.io-index"
checksum = "259d404d09818dec19332e31d94558aeb442fea04c817006456c24b5460bbd4b"
dependencies = [
 "serde",
 "serde_core",
 "typeid",
]

[[package]]
name = "errno"
version = "0.3.14"
source = "registry+https://github.com/rust-lang/crates.io-index"
checksum = "39cab71617ae0d63f51a36d69f866391735b51691dbda63cf6f96d042b63efeb"
dependencies = [
 "libc",
 "windows-sys",
]

[[package]]
name = "fastrand"
version = "2.3.0"
source = "registry+https://github.com/rust-lang/crates.io-index"
checksum = "37909eebbb50d72f9059c3b6d82c0463f2ff062c9e95845c43a6c9c0355411be"

[[package]]
name = "find-msvc-tools"
version = "0.1.4"
source = "registry+https://github.com/rust-lang/crates.io-index"
checksum = "52051878f80a721bb68ebfbc930e07b65ba72f2da88968ea5c06fd6ca3d3a127"

[[package]]
name = "hashbrown"
version = "0.16.0"
source = "registry+https://github.com/rust-lang/crates.io-index"
checksum = "5419bdc4f6a9207fbeba6d11b604d481addf78ecd10c11ad51e76c2f6482748d"

[[package]]
name = "indexmap"
version = "2.12.0"
source = "registry+https://github.com/rust-lang/crates.io-index"
checksum = "6717a8d2a5a929a1a2eb43a12812498ed141a0bcfb7e8f7844fbdbe4303bba9f"
dependencies = [
 "equivalent",
 "hashbrown",
]

[[package]]
name = "itertools"
version = "0.14.0"
source = "registry+https://github.com/rust-lang/crates.io-index"
checksum = "2b192c782037fadd9cfa75548310488aabdbf3d2da73885b31bd0abd03351285"
dependencies = [
 "either",
]

[[package]]
name = "libc"
version = "0.2.177"
source = "registry+https://github.com/rust-lang/crates.io-index"
checksum = "2874a2af47a2325c2001a6e6fad9b16a53b802102b528163885171cf92b15976"

[[package]]
name = "linux-raw-sys"
version = "0.11.0"
source = "registry+https://github.com/rust-lang/crates.io-index"
checksum = "df1d3c3b53da64cf5760482273a98e575c651a67eec7f77df96b5b642de8f039"

[[package]]
name = "lock_api"
version = "0.4.14"
source = "registry+https://github.com/rust-lang/crates.io-index"
checksum = "224399e74b87b5f3557511d98dff8b14089b3dadafcab6bb93eab67d3aace965"
dependencies = [
 "scopeguard",
]

[[package]]
name = "log"
version = "0.4.28"
source = "registry+https://github.com/rust-lang/crates.io-index"
checksum = "34080505efa8e45a4b816c349525ebe327ceaa8559756f0356cba97ef3bf7432"

[[package]]
name = "lua-src"
version = "548.1.2"
source = "registry+https://github.com/rust-lang/crates.io-index"
checksum = "bdc4e1aff422ad5f08cffb4719603dcdbc2be2307f4c1510d7aab74b7fa88ca8"
dependencies = [
 "cc",
]

[[package]]
name = "luajit-src"
version = "210.6.2+25a61a1"
source = "registry+https://github.com/rust-lang/crates.io-index"
checksum = "89b3e51e810ed7940b3d057d4cb63ef5faa8261fc8f46fb1905947a22f1c89ec"
dependencies = [
 "cc",
 "which",
]

[[package]]
name = "luola2"
version = "0.1.0"
dependencies = [
 "anyhow",
 "argh",
 "either",
 "env_logger",
 "fastrand",
 "itertools",
 "log",
 "mlua",
 "sdl3-image-sys",
 "sdl3-main",
 "sdl3-sys",
 "sdl3-ttf-sys",
 "serde",
 "toml",
 "winresource",
]

[[package]]
name = "memchr"
version = "2.7.6"
source = "registry+https://github.com/rust-lang/crates.io-index"
checksum = "f52b00d39961fc5b2736ea853c9cc86238e165017a493d1d5c8eac6bdc4cc273"

[[package]]
name = "mlua"
version = "0.11.4"
source = "registry+https://github.com/rust-lang/crates.io-index"
checksum = "9be1c2bfc684b8a228fbaebf954af7a47a98ec27721986654a4cc2c40a20cc7e"
dependencies = [
 "anyhow",
 "bstr",
 "either",
 "erased-serde",
 "mlua-sys",
 "num-traits",
 "parking_lot",
 "rustc-hash",
 "rustversion",
 "serde",
 "serde-value",
]

[[package]]
name = "mlua-sys"
version = "0.8.3"
source = "registry+https://github.com/rust-lang/crates.io-index"
checksum = "3d4dc9cfc5a7698899802e97480617d9726f7da78c910db989d4d0fd4991d900"
dependencies = [
 "cc",
 "cfg-if",
 "lua-src",
 "luajit-src",
 "pkg-config",
]

[[package]]
name = "num-traits"
version = "0.2.19"
source = "registry+https://github.com/rust-lang/crates.io-index"
checksum = "071dfc062690e90b734c0b2273ce72ad0ffa95f0c74596bc250dcfd960262841"
dependencies = [
 "autocfg",
]

[[package]]
name = "ordered-float"
version = "2.10.1"
source = "registry+https://github.com/rust-lang/crates.io-index"
checksum = "68f19d67e5a2795c94e73e0bb1cc1a7edeb2e28efd39e2e1c9b7a40c1108b11c"
dependencies = [
 "num-traits",
]

[[package]]
name = "parking_lot"
version = "0.12.5"
source = "registry+https://github.com/rust-lang/crates.io-index"
checksum = "93857453250e3077bd71ff98b6a65ea6621a19bb0f559a85248955ac12c45a1a"
dependencies = [
 "lock_api",
 "parking_lot_core",
]

[[package]]
name = "parking_lot_core"
version = "0.9.12"
source = "registry+https://github.com/rust-lang/crates.io-index"
checksum = "2621685985a2ebf1c516881c026032ac7deafcda1a2c9b7850dc81e3dfcb64c1"
dependencies = [
 "cfg-if",
 "libc",
 "redox_syscall",
 "smallvec",
 "windows-link",
]

[[package]]
name = "pkg-config"
version = "0.3.32"
source = "registry+https://github.com/rust-lang/crates.io-index"
checksum = "7edddbd0b52d732b21ad9a5fab5c704c14cd949e5e9a1ec5929a24fded1b904c"

[[package]]
name = "proc-macro2"
version = "1.0.103"
source = "registry+https://github.com/rust-lang/crates.io-index"
checksum = "5ee95bc4ef87b8d5ba32e8b7714ccc834865276eab0aed5c9958d00ec45f49e8"
dependencies = [
 "unicode-ident",
]

[[package]]
name = "quote"
version = "1.0.41"
source = "registry+https://github.com/rust-lang/crates.io-index"
checksum = "ce25767e7b499d1b604768e7cde645d14cc8584231ea6b295e9c9eb22c02e1d1"
dependencies = [
 "proc-macro2",
]

[[package]]
name = "redox_syscall"
version = "0.5.18"
source = "registry+https://github.com/rust-lang/crates.io-index"
checksum = "ed2bf2547551a7053d6fdfafda3f938979645c44812fbfcda098faae3f1a362d"
dependencies = [
 "bitflags",
]

[[package]]
name = "rpkg-config"
version = "0.1.2"
source = "registry+https://github.com/rust-lang/crates.io-index"
checksum = "5a2d2f3481209a6b42eec2fbb49063fb4e8d35b57023401495d4fe0f85c817f0"

[[package]]
name = "rust-fuzzy-search"
version = "0.1.1"
source = "registry+https://github.com/rust-lang/crates.io-index"
checksum = "a157657054ffe556d8858504af8a672a054a6e0bd9e8ee531059100c0fa11bb2"

[[package]]
name = "rustc-hash"
version = "2.1.1"
source = "registry+https://github.com/rust-lang/crates.io-index"
checksum = "357703d41365b4b27c590e3ed91eabb1b663f07c4c084095e60cbed4362dff0d"

[[package]]
name = "rustix"
version = "1.1.2"
source = "registry+https://github.com/rust-lang/crates.io-index"
checksum = "cd15f8a2c5551a84d56efdc1cd049089e409ac19a3072d5037a17fd70719ff3e"
dependencies = [
 "bitflags",
 "errno",
 "libc",
 "linux-raw-sys",
 "windows-sys",
]

[[package]]
name = "rustversion"
version = "1.0.22"
source = "registry+https://github.com/rust-lang/crates.io-index"
checksum = "b39cdef0fa800fc44525c84ccb54a029961a8215f9619753635a9c0d2538d46d"

[[package]]
name = "scopeguard"
version = "1.2.0"
source = "registry+https://github.com/rust-lang/crates.io-index"
checksum = "94143f37725109f92c262ed2cf5e59bce7498c01bcc1502d7b9afe439a4e9f49"

[[package]]
name = "sdl3-image-src"
version = "3.2.4"
source = "registry+https://github.com/rust-lang/crates.io-index"
checksum = "c4d0c6070f236297a8e7931cbe5f652e3f0e5a8a214b12984357bd4904874cc7"

[[package]]
name = "sdl3-image-sys"
version = "0.2.0+SDL3-image-3.2.4"
source = "registry+https://github.com/rust-lang/crates.io-index"
checksum = "1d92bd93ce75ca9b027474f90c788daf3b5ced8410ee3c1dcb478a10030bf162"
dependencies = [
 "cmake",
 "rpkg-config",
 "sdl3-image-src",
 "sdl3-sys",
]

[[package]]
name = "sdl3-main"
version = "0.5.4"
source = "registry+https://github.com/rust-lang/crates.io-index"
checksum = "017601f275a2c84acff117f3691e19ddfa0e74bf6b07ce98a4ff842acbef8bb0"
dependencies = [
 "sdl3-main-macros",
 "sdl3-sys",
]

[[package]]
name = "sdl3-main-macros"
version = "0.1.1"
source = "registry+https://github.com/rust-lang/crates.io-index"
checksum = "ae58599dd01dd58b4cafa3a52d3a80cd2fb3599764defb5ee534de8f340f2010"

[[package]]
name = "sdl3-src"
version = "3.2.26"
source = "registry+https://github.com/rust-lang/crates.io-index"
checksum = "043a9fa3bccac487a428f8883ef5227edf7280da52b0347897d5c9f82b7e3e52"

[[package]]
name = "sdl3-sys"
version = "0.5.9+SDL3-3.2.24"
source = "registry+https://github.com/rust-lang/crates.io-index"
checksum = "db1f57b04b1ff16bbab7837c0a5e06e3b78fccb410bc00920b9ee860f0f58251"
dependencies = [
 "cc",
 "cmake",
 "rpkg-config",
 "sdl3-src",
]

[[package]]
name = "sdl3-ttf-src"
version = "3.2.3"
source = "registry+https://github.com/rust-lang/crates.io-index"
checksum = "f28923d2ce72ff317d8eb7cec97ddfb8f351c330d7bcbf8c76e91332122c93b3"

[[package]]
name = "sdl3-ttf-sys"
version = "0.2.0+SDL3-ttf-3.2.2"
source = "registry+https://github.com/rust-lang/crates.io-index"
checksum = "1d1d8477496fa2b081fb8f63cf8d0a9a9ba6a7a8f2a21b87e7d13d2ab6d73582"
dependencies = [
 "cmake",
 "rpkg-config",
 "sdl3-sys",
 "sdl3-ttf-src",
]

[[package]]
name = "serde"
version = "1.0.228"
source = "registry+https://github.com/rust-lang/crates.io-index"
checksum = "9a8e94ea7f378bd32cbbd37198a4a91436180c5bb472411e48b5ec2e2124ae9e"
dependencies = [
 "serde_core",
 "serde_derive",
]

[[package]]
name = "serde-value"
version = "0.7.0"
source = "registry+https://github.com/rust-lang/crates.io-index"
checksum = "f3a1a3341211875ef120e117ea7fd5228530ae7e7036a779fdc9117be6b3282c"
dependencies = [
 "ordered-float",
 "serde",
]

[[package]]
name = "serde_core"
version = "1.0.228"
source = "registry+https://github.com/rust-lang/crates.io-index"
checksum = "41d385c7d4ca58e59fc732af25c3983b67ac852c1a25000afe1175de458b67ad"
dependencies = [
 "serde_derive",
]

[[package]]
name = "serde_derive"
version = "1.0.228"
source = "registry+https://github.com/rust-lang/crates.io-index"
checksum = "d540f220d3187173da220f885ab66608367b6574e925011a9353e4badda91d79"
dependencies = [
 "proc-macro2",
 "quote",
 "syn",
]

[[package]]
name = "serde_spanned"
version = "1.0.3"
source = "registry+https://github.com/rust-lang/crates.io-index"
checksum = "e24345aa0fe688594e73770a5f6d1b216508b4f93484c0026d521acd30134392"
dependencies = [
 "serde_core",
]

[[package]]
name = "shlex"
version = "1.3.0"
source = "registry+https://github.com/rust-lang/crates.io-index"
checksum = "0fda2ff0d084019ba4d7c6f371c95d8fd75ce3524c3cb8fb653a3023f6323e64"

[[package]]
name = "smallvec"
version = "1.15.1"
source = "registry+https://github.com/rust-lang/crates.io-index"
checksum = "67b1b7a3b5fe4f1376887184045fcf45c69e92af734b7aaddc05fb777b6fbd03"

[[package]]
name = "syn"
version = "2.0.108"
source = "registry+https://github.com/rust-lang/crates.io-index"
checksum = "da58917d35242480a05c2897064da0a80589a2a0476c9a3f2fdc83b53502e917"
dependencies = [
 "proc-macro2",
 "quote",
 "unicode-ident",
]

[[package]]
name = "toml"
version = "0.9.8"
source = "registry+https://github.com/rust-lang/crates.io-index"
checksum = "f0dc8b1fb61449e27716ec0e1bdf0f6b8f3e8f6b05391e8497b8b6d7804ea6d8"
dependencies = [
 "indexmap",
 "serde_core",
 "serde_spanned",
 "toml_datetime",
 "toml_parser",
 "toml_writer",
 "winnow",
]

[[package]]
name = "toml_datetime"
version = "0.7.3"
source = "registry+https://github.com/rust-lang/crates.io-index"
checksum = "f2cdb639ebbc97961c51720f858597f7f24c4fc295327923af55b74c3c724533"
dependencies = [
 "serde_core",
]

[[package]]
name = "toml_parser"
version = "1.0.4"
source = "registry+https://github.com/rust-lang/crates.io-index"
checksum = "c0cbe268d35bdb4bb5a56a2de88d0ad0eb70af5384a99d648cd4b3d04039800e"
dependencies = [
 "winnow",
]

[[package]]
name = "toml_writer"
version = "1.0.4"
source = "registry+https://github.com/rust-lang/crates.io-index"
checksum = "df8b2b54733674ad286d16267dcfc7a71ed5c776e4ac7aa3c3e2561f7c637bf2"

[[package]]
name = "typeid"
version = "1.0.3"
source = "registry+https://github.com/rust-lang/crates.io-index"
checksum = "bc7d623258602320d5c55d1bc22793b57daff0ec7efc270ea7d55ce1d5f5471c"

[[package]]
name = "unicode-ident"
version = "1.0.20"
source = "registry+https://github.com/rust-lang/crates.io-index"
checksum = "462eeb75aeb73aea900253ce739c8e18a67423fadf006037cd3ff27e82748a06"

[[package]]
name = "version_check"
version = "0.9.5"
source = "registry+https://github.com/rust-lang/crates.io-index"
checksum = "0b928f33d975fc6ad9f86c8f283853ad26bdd5b10b7f1542aa2fa15e2289105a"

[[package]]
name = "which"
version = "8.0.0"
source = "registry+https://github.com/rust-lang/crates.io-index"
checksum = "d3fabb953106c3c8eea8306e4393700d7657561cb43122571b172bbfb7c7ba1d"
dependencies = [
 "env_home",
 "rustix",
 "winsafe",
]

[[package]]
name = "windows-link"
version = "0.2.1"
source = "registry+https://github.com/rust-lang/crates.io-index"
checksum = "f0805222e57f7521d6a62e36fa9163bc891acd422f971defe97d64e70d0a4fe5"

[[package]]
name = "windows-sys"
version = "0.61.2"
source = "registry+https://github.com/rust-lang/crates.io-index"
checksum = "ae137229bcbd6cdf0f7b80a31df61766145077ddf49416a728b02cb3921ff3fc"
dependencies = [
 "windows-link",
]

[[package]]
name = "winnow"
version = "0.7.13"
source = "registry+https://github.com/rust-lang/crates.io-index"
checksum = "21a0236b59786fed61e2a80582dd500fe61f18b5dca67a4a067d0bc9039339cf"

[[package]]
name = "winresource"
version = "0.1.27"
source = "registry+https://github.com/rust-lang/crates.io-index"
checksum = "f1ef04dd590e94ff7431a8eda99d5ca659e688d60e930bd0a330062acea4608f"
dependencies = [
 "toml",
 "version_check",
]

[[package]]
name = "winsafe"
version = "0.0.19"
source = "registry+https://github.com/rust-lang/crates.io-index"
checksum = "d135d17ab770252ad95e9a872d365cf3090e3be864a34ab46f48555993efc904"
